
Microsoft Visual Studio Solution File, Format Version 12.00
# Visual Studio 15
VisualStudioVersion = 15.0.26124.0
MinimumVisualStudioVersion = 15.0.26124.0
Project("{2150E333-8FDC-42A3-9474-1A3956D46DE8}") = "src", "src", "{016AD2B3-2BF3-4D5D-9D20-22C957F549FC}"
EndProject
Project("{FAE04EC0-301F-11D3-BF4B-00C04F79EFBC}") = "01", "src\01\01.csproj", "{17B7A491-E4F7-4B03-B9ED-6AB8E22CC94B}"
EndProject
Project("{FAE04EC0-301F-11D3-BF4B-00C04F79EFBC}") = "02", "src\02\02.csproj", "{02FC5A58-39AD-42FA-B873-551164A0DD51}"
EndProject
Project("{FAE04EC0-301F-11D3-BF4B-00C04F79EFBC}") = "03", "src\03\03.csproj", "{0EB9D743-BA86-490A-957E-BC927E4292F3}"
EndProject
Project("{FAE04EC0-301F-11D3-BF4B-00C04F79EFBC}") = "04", "src\04\04.csproj", "{ECD99E53-5517-439F-B128-E3B417B38561}"
EndProject
Project("{FAE04EC0-301F-11D3-BF4B-00C04F79EFBC}") = "05", "src\05\05.csproj", "{9719D7DF-2246-461B-9D20-D959E5C07F6C}"
EndProject
Global
	GlobalSection(SolutionConfigurationPlatforms) = preSolution
		Debug|Any CPU = Debug|Any CPU
		Debug|x64 = Debug|x64
		Debug|x86 = Debug|x86
		Release|Any CPU = Release|Any CPU
		Release|x64 = Release|x64
		Release|x86 = Release|x86
	EndGlobalSection
	GlobalSection(SolutionProperties) = preSolution
		HideSolutionNode = FALSE
	EndGlobalSection
	GlobalSection(ProjectConfigurationPlatforms) = postSolution
		{17B7A491-E4F7-4B03-B9ED-6AB8E22CC94B}.Debug|Any CPU.ActiveCfg = Debug|Any CPU
		{17B7A491-E4F7-4B03-B9ED-6AB8E22CC94B}.Debug|Any CPU.Build.0 = Debug|Any CPU
		{17B7A491-E4F7-4B03-B9ED-6AB8E22CC94B}.Debug|x64.ActiveCfg = Debug|Any CPU
		{17B7A491-E4F7-4B03-B9ED-6AB8E22CC94B}.Debug|x64.Build.0 = Debug|Any CPU
		{17B7A491-E4F7-4B03-B9ED-6AB8E22CC94B}.Debug|x86.ActiveCfg = Debug|Any CPU
		{17B7A491-E4F7-4B03-B9ED-6AB8E22CC94B}.Debug|x86.Build.0 = Debug|Any CPU
		{17B7A491-E4F7-4B03-B9ED-6AB8E22CC94B}.Release|Any CPU.ActiveCfg = Release|Any CPU
		{17B7A491-E4F7-4B03-B9ED-6AB8E22CC94B}.Release|Any CPU.Build.0 = Release|Any CPU
		{17B7A491-E4F7-4B03-B9ED-6AB8E22CC94B}.Release|x64.ActiveCfg = Release|Any CPU
		{17B7A491-E4F7-4B03-B9ED-6AB8E22CC94B}.Release|x64.Build.0 = Release|Any CPU
		{17B7A491-E4F7-4B03-B9ED-6AB8E22CC94B}.Release|x86.ActiveCfg = Release|Any CPU
		{17B7A491-E4F7-4B03-B9ED-6AB8E22CC94B}.Release|x86.Build.0 = Release|Any CPU
		{02FC5A58-39AD-42FA-B873-551164A0DD51}.Debug|Any CPU.ActiveCfg = Debug|Any CPU
		{02FC5A58-39AD-42FA-B873-551164A0DD51}.Debug|Any CPU.Build.0 = Debug|Any CPU
		{02FC5A58-39AD-42FA-B873-551164A0DD51}.Debug|x64.ActiveCfg = Debug|Any CPU
		{02FC5A58-39AD-42FA-B873-551164A0DD51}.Debug|x64.Build.0 = Debug|Any CPU
		{02FC5A58-39AD-42FA-B873-551164A0DD51}.Debug|x86.ActiveCfg = Debug|Any CPU
		{02FC5A58-39AD-42FA-B873-551164A0DD51}.Debug|x86.Build.0 = Debug|Any CPU
		{02FC5A58-39AD-42FA-B873-551164A0DD51}.Release|Any CPU.ActiveCfg = Release|Any CPU
		{02FC5A58-39AD-42FA-B873-551164A0DD51}.Release|Any CPU.Build.0 = Release|Any CPU
		{02FC5A58-39AD-42FA-B873-551164A0DD51}.Release|x64.ActiveCfg = Release|Any CPU
		{02FC5A58-39AD-42FA-B873-551164A0DD51}.Release|x64.Build.0 = Release|Any CPU
		{02FC5A58-39AD-42FA-B873-551164A0DD51}.Release|x86.ActiveCfg = Release|Any CPU
		{02FC5A58-39AD-42FA-B873-551164A0DD51}.Release|x86.Build.0 = Release|Any CPU
		{0EB9D743-BA86-490A-957E-BC927E4292F3}.Debug|Any CPU.ActiveCfg = Debug|Any CPU
		{0EB9D743-BA86-490A-957E-BC927E4292F3}.Debug|Any CPU.Build.0 = Debug|Any CPU
		{0EB9D743-BA86-490A-957E-BC927E4292F3}.Debug|x64.ActiveCfg = Debug|Any CPU
		{0EB9D743-BA86-490A-957E-BC927E4292F3}.Debug|x64.Build.0 = Debug|Any CPU
		{0EB9D743-BA86-490A-957E-BC927E4292F3}.Debug|x86.ActiveCfg = Debug|Any CPU
		{0EB9D743-BA86-490A-957E-BC927E4292F3}.Debug|x86.Build.0 = Debug|Any CPU
		{0EB9D743-BA86-490A-957E-BC927E4292F3}.Release|Any CPU.ActiveCfg = Release|Any CPU
		{0EB9D743-BA86-490A-957E-BC927E4292F3}.Release|Any CPU.Build.0 = Release|Any CPU
		{0EB9D743-BA86-490A-957E-BC927E4292F3}.Release|x64.ActiveCfg = Release|Any CPU
		{0EB9D743-BA86-490A-957E-BC927E4292F3}.Release|x64.Build.0 = Release|Any CPU
		{0EB9D743-BA86-490A-957E-BC927E4292F3}.Release|x86.ActiveCfg = Release|Any CPU
		{0EB9D743-BA86-490A-957E-BC927E4292F3}.Release|x86.Build.0 = Release|Any CPU
		{ECD99E53-5517-439F-B128-E3B417B38561}.Debug|Any CPU.ActiveCfg = Debug|Any CPU
		{ECD99E53-5517-439F-B128-E3B417B38561}.Debug|Any CPU.Build.0 = Debug|Any CPU
		{ECD99E53-5517-439F-B128-E3B417B38561}.Debug|x64.ActiveCfg = Debug|Any CPU
		{ECD99E53-5517-439F-B128-E3B417B38561}.Debug|x64.Build.0 = Debug|Any CPU
		{ECD99E53-5517-439F-B128-E3B417B38561}.Debug|x86.ActiveCfg = Debug|Any CPU
		{ECD99E53-5517-439F-B128-E3B417B38561}.Debug|x86.Build.0 = Debug|Any CPU
		{ECD99E53-5517-439F-B128-E3B417B38561}.Release|Any CPU.ActiveCfg = Release|Any CPU
		{ECD99E53-5517-439F-B128-E3B417B38561}.Release|Any CPU.Build.0 = Release|Any CPU
		{ECD99E53-5517-439F-B128-E3B417B38561}.Release|x64.ActiveCfg = Release|Any CPU
		{ECD99E53-5517-439F-B128-E3B417B38561}.Release|x64.Build.0 = Release|Any CPU
		{ECD99E53-5517-439F-B128-E3B417B38561}.Release|x86.ActiveCfg = Release|Any CPU
		{ECD99E53-5517-439F-B128-E3B417B38561}.Release|x86.Build.0 = Release|Any CPU
		{9719D7DF-2246-461B-9D20-D959E5C07F6C}.Debug|Any CPU.ActiveCfg = Debug|Any CPU
		{9719D7DF-2246-461B-9D20-D959E5C07F6C}.Debug|Any CPU.Build.0 = Debug|Any CPU
		{9719D7DF-2246-461B-9D20-D959E5C07F6C}.Debug|x64.ActiveCfg = Debug|Any CPU
		{9719D7DF-2246-461B-9D20-D959E5C07F6C}.Debug|x64.Build.0 = Debug|Any CPU
		{9719D7DF-2246-461B-9D20-D959E5C07F6C}.Debug|x86.ActiveCfg = Debug|Any CPU
		{9719D7DF-2246-461B-9D20-D959E5C07F6C}.Debug|x86.Build.0 = Debug|Any CPU
		{9719D7DF-2246-461B-9D20-D959E5C07F6C}.Release|Any CPU.ActiveCfg = Release|Any CPU
		{9719D7DF-2246-461B-9D20-D959E5C07F6C}.Release|Any CPU.Build.0 = Release|Any CPU
		{9719D7DF-2246-461B-9D20-D959E5C07F6C}.Release|x64.ActiveCfg = Release|Any CPU
		{9719D7DF-2246-461B-9D20-D959E5C07F6C}.Release|x64.Build.0 = Release|Any CPU
		{9719D7DF-2246-461B-9D20-D959E5C07F6C}.Release|x86.ActiveCfg = Release|Any CPU
		{9719D7DF-2246-461B-9D20-D959E5C07F6C}.Release|x86.Build.0 = Release|Any CPU
	EndGlobalSection
	GlobalSection(NestedProjects) = preSolution
		{17B7A491-E4F7-4B03-B9ED-6AB8E22CC94B} = {016AD2B3-2BF3-4D5D-9D20-22C957F549FC}
		{02FC5A58-39AD-42FA-B873-551164A0DD51} = {016AD2B3-2BF3-4D5D-9D20-22C957F549FC}
		{0EB9D743-BA86-490A-957E-BC927E4292F3} = {016AD2B3-2BF3-4D5D-9D20-22C957F549FC}
		{ECD99E53-5517-439F-B128-E3B417B38561} = {016AD2B3-2BF3-4D5D-9D20-22C957F549FC}
		{9719D7DF-2246-461B-9D20-D959E5C07F6C} = {016AD2B3-2BF3-4D5D-9D20-22C957F549FC}
	EndGlobalSection
EndGlobal
